{
  "name": "notamud",
  "version": "0.0.1",
  "lockfileVersion": 1,
  "requires": true,
  "dependencies": {
    "@types/express": {
      "version": "4.0.36",
      "resolved": "https://artifactory.devops.ellucian.com/artifactory/api/npm/npmjs/@types/express/-/express-4.0.36.tgz",
      "integrity": "sha1-FOtH3n7LEDGfCi+xz5caqGgHWMI=",
      "dev": true,
      "requires": {
        "@types/express-serve-static-core": "4.0.49",
        "@types/serve-static": "1.7.31"
      }
    },
    "@types/express-serve-static-core": {
      "version": "4.0.49",
      "resolved": "https://artifactory.devops.ellucian.com/artifactory/api/npm/npmjs/@types/express-serve-static-core/-/express-serve-static-core-4.0.49.tgz",
      "integrity": "sha1-NDjWjSbjnbk0upQfGOOGKhvutyI=",
      "dev": true,
      "requires": {
        "@types/node": "8.0.22"
      }
    },
    "@types/mime": {
      "version": "1.3.1",
      "resolved": "https://artifactory.devops.ellucian.com/artifactory/api/npm/npmjs/@types/mime/-/mime-1.3.1.tgz",
      "integrity": "sha1-LPQpctCTHBBgx9X6Zif85r2Hby8=",
      "dev": true
    },
    "@types/node": {
      "version": "8.0.22",
      "resolved": "https://artifactory.devops.ellucian.com/artifactory/api/npm/npmjs/@types/node/-/node-8.0.22.tgz",
      "integrity": "sha1-nGv+4fRfXplS/2tIfmV+zKSMd3c=",
      "dev": true
    },
    "@types/serve-static": {
      "version": "1.7.31",
      "resolved": "https://artifactory.devops.ellucian.com/artifactory/api/npm/npmjs/@types/serve-static/-/serve-static-1.7.31.tgz",
      "integrity": "sha1-FUVt6NmNa0z/Mb5savdJKuY/Uho=",
      "dev": true,
      "requires": {
        "@types/express-serve-static-core": "4.0.49",
        "@types/mime": "1.3.1"
      }
    },
    "@types/socket.io": {
      "version": "1.4.29",
      "resolved": "https://artifactory.devops.ellucian.com/artifactory/api/npm/npmjs/@types/socket.io/-/socket.io-1.4.29.tgz",
      "integrity": "sha1-hqazqat4z5qQDO74W5totr6oZxI=",
      "dev": true,
      "requires": {
        "@types/node": "8.0.22"
      }
    },
    "accepts": {
      "version": "1.3.3",
      "resolved": "https://artifactory.devops.ellucian.com/artifactory/api/npm/npmjs/accepts/-/accepts-1.3.3.tgz",
      "integrity": "sha1-w8p0NJOGSMPg2cHjKN1otiLChMo=",
      "dev": true,
      "requires": {
        "mime-types": "2.1.16",
        "negotiator": "0.6.1"
      }
    },
    "after": {
      "version": "0.8.2",
      "resolved": "https://artifactory.devops.ellucian.com/artifactory/api/npm/npmjs/after/-/after-0.8.2.tgz",
      "integrity": "sha1-/ts5T58OAqqXaOcCvaI7UF+ufh8=",
      "dev": true
    },
    "array-flatten": {
      "version": "1.1.1",
      "resolved": "https://artifactory.devops.ellucian.com/artifactory/api/npm/npmjs/array-flatten/-/array-flatten-1.1.1.tgz",
      "integrity": "sha1-ml9pkFGx5wczKPKgCJaLZOopVdI=",
      "dev": true
    },
    "arraybuffer.slice": {
      "version": "0.0.6",
      "resolved": "https://artifactory.devops.ellucian.com/artifactory/api/npm/npmjs/arraybuffer.slice/-/arraybuffer.slice-0.0.6.tgz",
      "integrity": "sha1-8zshWfBTKj8xB6JywMz70a0peco=",
      "dev": true
    },
    "backo2": {
      "version": "1.0.2",
      "resolved": "https://artifactory.devops.ellucian.com/artifactory/api/npm/npmjs/backo2/-/backo2-1.0.2.tgz",
      "integrity": "sha1-MasayLEpNjRj41s+u2n038+6eUc=",
      "dev": true
    },
    "balanced-match": {
      "version": "1.0.0",
      "resolved": "https://artifactory.devops.ellucian.com/artifactory/api/npm/npmjs/balanced-match/-/balanced-match-1.0.0.tgz",
      "integrity": "sha1-ibTRmasr7kneFk6gK4nORi1xt2c=",
      "dev": true
    },
    "base64-arraybuffer": {
      "version": "0.1.5",
      "resolved": "https://artifactory.devops.ellucian.com/artifactory/api/npm/npmjs/base64-arraybuffer/-/base64-arraybuffer-0.1.5.tgz",
      "integrity": "sha1-c5JncZI7Whl0etZmqlzUv5xunOg=",
      "dev": true
    },
    "base64id": {
      "version": "1.0.0",
      "resolved": "https://artifactory.devops.ellucian.com/artifactory/api/npm/npmjs/base64id/-/base64id-1.0.0.tgz",
      "integrity": "sha1-R2iMuZu2gE8OBtPnY7HDLlfY5rY=",
      "dev": true
    },
    "better-assert": {
      "version": "1.0.2",
      "resolved": "https://artifactory.devops.ellucian.com/artifactory/api/npm/npmjs/better-assert/-/better-assert-1.0.2.tgz",
      "integrity": "sha1-QIZrnhueC1W0gYlDEeaPr/rrxSI=",
      "dev": true,
      "requires": {
        "callsite": "1.0.0"
      }
    },
    "blob": {
      "version": "0.0.4",
      "resolved": "https://artifactory.devops.ellucian.com/artifactory/api/npm/npmjs/blob/-/blob-0.0.4.tgz",
      "integrity": "sha1-vPEwUspURj8w+fx+lbmkdjCpSSE=",
      "dev": true
    },
    "brace-expansion": {
      "version": "1.1.8",
      "resolved": "https://artifactory.devops.ellucian.com/artifactory/api/npm/npmjs/brace-expansion/-/brace-expansion-1.1.8.tgz",
      "integrity": "sha1-wHshHHyVLsH479Uad+8NHTmQopI=",
      "dev": true,
      "requires": {
        "balanced-match": "1.0.0",
        "concat-map": "0.0.1"
      }
    },
    "callsite": {
      "version": "1.0.0",
      "resolved": "https://artifactory.devops.ellucian.com/artifactory/api/npm/npmjs/callsite/-/callsite-1.0.0.tgz",
      "integrity": "sha1-KAOY5dZkvXQDi28JBRU+borxvCA=",
      "dev": true
    },
    "component-bind": {
      "version": "1.0.0",
      "resolved": "https://artifactory.devops.ellucian.com/artifactory/api/npm/npmjs/component-bind/-/component-bind-1.0.0.tgz",
      "integrity": "sha1-AMYIq33Nk4l8AAllGx06jh5zu9E=",
      "dev": true
    },
    "component-emitter": {
      "version": "1.2.1",
      "resolved": "https://artifactory.devops.ellucian.com/artifactory/api/npm/npmjs/component-emitter/-/component-emitter-1.2.1.tgz",
      "integrity": "sha1-E3kY1teCg/ffemt8WmPhQOaUJeY=",
      "dev": true
    },
    "component-inherit": {
      "version": "0.0.3",
      "resolved": "https://artifactory.devops.ellucian.com/artifactory/api/npm/npmjs/component-inherit/-/component-inherit-0.0.3.tgz",
      "integrity": "sha1-ZF/ErfWLcrZJ1crmUTVhnbJv8UM=",
      "dev": true
    },
    "concat-map": {
      "version": "0.0.1",
      "resolved": "https://artifactory.devops.ellucian.com/artifactory/api/npm/npmjs/concat-map/-/concat-map-0.0.1.tgz",
      "integrity": "sha1-2Klr13/Wjfd5OnMDajug1UBdR3s=",
      "dev": true
    },
    "content-disposition": {
      "version": "0.5.2",
      "resolved": "https://artifactory.devops.ellucian.com/artifactory/api/npm/npmjs/content-disposition/-/content-disposition-0.5.2.tgz",
      "integrity": "sha1-DPaLud318r55YcOoUXjLhdunjLQ=",
      "dev": true
    },
    "content-type": {
      "version": "1.0.2",
      "resolved": "https://artifactory.devops.ellucian.com/artifactory/api/npm/npmjs/content-type/-/content-type-1.0.2.tgz",
      "integrity": "sha1-t9ETrueo3Se9IRM8TcJSnfFyHu0=",
      "dev": true
    },
    "cookie": {
      "version": "0.3.1",
      "resolved": "https://artifactory.devops.ellucian.com/artifactory/api/npm/npmjs/cookie/-/cookie-0.3.1.tgz",
      "integrity": "sha1-5+Ch+e9DtMi6klxcWpboBtFoc7s=",
      "dev": true
    },
    "cookie-signature": {
      "version": "1.0.6",
      "resolved": "https://artifactory.devops.ellucian.com/artifactory/api/npm/npmjs/cookie-signature/-/cookie-signature-1.0.6.tgz",
      "integrity": "sha1-4wOogrNCzD7oylE6eZmXNNqzriw=",
      "dev": true
    },
    "copyfiles": {
      "version": "1.2.0",
      "resolved": "https://artifactory.devops.ellucian.com/artifactory/api/npm/npmjs/copyfiles/-/copyfiles-1.2.0.tgz",
      "integrity": "sha1-qNo6xBqiIgrim9PFi2mEKU8sWTw=",
      "dev": true,
      "requires": {
        "glob": "7.1.2",
        "ltcdr": "2.2.1",
        "minimatch": "3.0.4",
        "mkdirp": "0.5.1",
        "noms": "0.0.0",
        "through2": "2.0.3"
      }
    },
    "core-util-is": {
      "version": "1.0.2",
      "resolved": "https://artifactory.devops.ellucian.com/artifactory/api/npm/npmjs/core-util-is/-/core-util-is-1.0.2.tgz",
      "integrity": "sha1-tf1UIgqivFq1eqtxQMlAdUUDwac=",
      "dev": true
    },
    "debug": {
      "version": "2.6.8",
      "resolved": "https://artifactory.devops.ellucian.com/artifactory/api/npm/npmjs/debug/-/debug-2.6.8.tgz",
      "integrity": "sha1-5zFTHKLt4n0YgiJCfaF4IdaP9Pw=",
      "dev": true,
      "requires": {
        "ms": "2.0.0"
      }
    },
    "depd": {
      "version": "1.1.1",
      "resolved": "https://artifactory.devops.ellucian.com/artifactory/api/npm/npmjs/depd/-/depd-1.1.1.tgz",
      "integrity": "sha1-V4O04cRZ8G+lyif5kfPQbnoxA1k=",
      "dev": true
    },
    "destroy": {
      "version": "1.0.4",
      "resolved": "https://artifactory.devops.ellucian.com/artifactory/api/npm/npmjs/destroy/-/destroy-1.0.4.tgz",
      "integrity": "sha1-l4hXRCxEdJ5CBmE+N5RiBYJqvYA=",
      "dev": true
    },
    "ee-first": {
      "version": "1.1.1",
      "resolved": "https://artifactory.devops.ellucian.com/artifactory/api/npm/npmjs/ee-first/-/ee-first-1.1.1.tgz",
      "integrity": "sha1-WQxhFWsK4vTwJVcyoViyZrxWsh0=",
      "dev": true
    },
    "encodeurl": {
      "version": "1.0.1",
      "resolved": "https://artifactory.devops.ellucian.com/artifactory/api/npm/npmjs/encodeurl/-/encodeurl-1.0.1.tgz",
      "integrity": "sha1-eePVhlU0aQn+bw9Fpd5oEDspTSA=",
      "dev": true
    },
    "engine.io": {
      "version": "3.1.0",
      "resolved": "https://artifactory.devops.ellucian.com/artifactory/api/npm/npmjs/engine.io/-/engine.io-3.1.0.tgz",
      "integrity": "sha1-XKQ4486f28kVxKIcjdnhJmcG5X4=",
      "dev": true,
      "requires": {
        "accepts": "1.3.3",
        "base64id": "1.0.0",
        "cookie": "0.3.1",
        "debug": "2.6.8",
        "engine.io-parser": "2.1.1",
        "uws": "0.14.5",
        "ws": "2.3.1"
      }
    },
    "engine.io-client": {
      "version": "3.1.1",
      "resolved": "https://artifactory.devops.ellucian.com/artifactory/api/npm/npmjs/engine.io-client/-/engine.io-client-3.1.1.tgz",
      "integrity": "sha1-QVqYUrrbFPoAj6PvHjFgjbZ2EyU=",
      "dev": true,
      "requires": {
        "component-emitter": "1.2.1",
        "component-inherit": "0.0.3",
        "debug": "2.6.8",
        "engine.io-parser": "2.1.1",
        "has-cors": "1.1.0",
        "indexof": "0.0.1",
        "parsejson": "0.0.3",
        "parseqs": "0.0.5",
        "parseuri": "0.0.5",
        "ws": "2.3.1",
        "xmlhttprequest-ssl": "1.5.3",
        "yeast": "0.1.2"
      }
    },
    "engine.io-parser": {
      "version": "2.1.1",
      "resolved": "https://artifactory.devops.ellucian.com/artifactory/api/npm/npmjs/engine.io-parser/-/engine.io-parser-2.1.1.tgz",
      "integrity": "sha1-4Ps/DgRi9/WLt3waUun1p+JuRmg=",
      "dev": true,
      "requires": {
        "after": "0.8.2",
        "arraybuffer.slice": "0.0.6",
        "base64-arraybuffer": "0.1.5",
        "blob": "0.0.4",
        "has-binary2": "1.0.2"
      }
    },
    "escape-html": {
      "version": "1.0.3",
      "resolved": "https://artifactory.devops.ellucian.com/artifactory/api/npm/npmjs/escape-html/-/escape-html-1.0.3.tgz",
      "integrity": "sha1-Aljq5NPQwJdN4cFpGI7wBR0dGYg=",
      "dev": true
    },
    "etag": {
      "version": "1.8.0",
      "resolved": "https://artifactory.devops.ellucian.com/artifactory/api/npm/npmjs/etag/-/etag-1.8.0.tgz",
      "integrity": "sha1-b2Ma7zNtbEY2K1F2QETOIWvjwFE=",
      "dev": true
    },
    "express": {
      "version": "4.15.4",
      "resolved": "https://artifactory.devops.ellucian.com/artifactory/api/npm/npmjs/express/-/express-4.15.4.tgz",
      "integrity": "sha1-Ay4iU0ic+PzgJma+yj0R7XotrtE=",
      "dev": true,
      "requires": {
        "accepts": "1.3.3",
        "array-flatten": "1.1.1",
        "content-disposition": "0.5.2",
        "content-type": "1.0.2",
        "cookie": "0.3.1",
        "cookie-signature": "1.0.6",
        "debug": "2.6.8",
        "depd": "1.1.1",
        "encodeurl": "1.0.1",
        "escape-html": "1.0.3",
        "etag": "1.8.0",
        "finalhandler": "1.0.4",
        "fresh": "0.5.0",
        "merge-descriptors": "1.0.1",
        "methods": "1.1.2",
        "on-finished": "2.3.0",
        "parseurl": "1.3.1",
        "path-to-regexp": "0.1.7",
        "proxy-addr": "1.1.5",
        "qs": "6.5.0",
        "range-parser": "1.2.0",
        "send": "0.15.4",
        "serve-static": "1.12.4",
        "setprototypeof": "1.0.3",
        "statuses": "1.3.1",
        "type-is": "1.6.15",
        "utils-merge": "1.0.0",
        "vary": "1.1.1"
      }
    },
    "finalhandler": {
      "version": "1.0.4",
      "resolved": "https://artifactory.devops.ellucian.com/artifactory/api/npm/npmjs/finalhandler/-/finalhandler-1.0.4.tgz",
      "integrity": "sha1-GFdPLnxLmLiuOyMMIfIB8xvbP7c=",
      "dev": true,
      "requires": {
        "debug": "2.6.8",
        "encodeurl": "1.0.1",
        "escape-html": "1.0.3",
        "on-finished": "2.3.0",
        "parseurl": "1.3.1",
        "statuses": "1.3.1",
        "unpipe": "1.0.0"
      }
    },
    "forwarded": {
      "version": "0.1.0",
      "resolved": "https://artifactory.devops.ellucian.com/artifactory/api/npm/npmjs/forwarded/-/forwarded-0.1.0.tgz",
      "integrity": "sha1-Ge+YdMSuHCl7zweP3mOgm2aoQ2M=",
      "dev": true
    },
    "fresh": {
      "version": "0.5.0",
      "resolved": "https://artifactory.devops.ellucian.com/artifactory/api/npm/npmjs/fresh/-/fresh-0.5.0.tgz",
      "integrity": "sha1-9HTKXmqSRtb9jglTz6m5yAWvp44=",
      "dev": true
    },
    "fs.realpath": {
      "version": "1.0.0",
      "resolved": "https://artifactory.devops.ellucian.com/artifactory/api/npm/npmjs/fs.realpath/-/fs.realpath-1.0.0.tgz",
      "integrity": "sha1-FQStJSMVjKpA20onh8sBQRmU6k8=",
      "dev": true
    },
    "glob": {
      "version": "7.1.2",
      "resolved": "https://artifactory.devops.ellucian.com/artifactory/api/npm/npmjs/glob/-/glob-7.1.2.tgz",
      "integrity": "sha1-wZyd+aAocC1nhhI4SmVSQExjbRU=",
      "dev": true,
      "requires": {
        "fs.realpath": "1.0.0",
        "inflight": "1.0.6",
        "inherits": "2.0.3",
        "minimatch": "3.0.4",
        "once": "1.4.0",
        "path-is-absolute": "1.0.1"
      }
    },
    "has-binary2": {
      "version": "1.0.2",
      "resolved": "https://artifactory.devops.ellucian.com/artifactory/api/npm/npmjs/has-binary2/-/has-binary2-1.0.2.tgz",
      "integrity": "sha1-6D26SfC5vk0CbSc2U1DZ8D9Uvpg=",
      "dev": true,
      "requires": {
        "isarray": "2.0.1"
      },
      "dependencies": {
        "isarray": {
          "version": "2.0.1",
          "resolved": "https://artifactory.devops.ellucian.com/artifactory/api/npm/npmjs/isarray/-/isarray-2.0.1.tgz",
          "integrity": "sha1-o32U7ZzaLVmGXJ92/llu4fM4dB4=",
          "dev": true
        }
      }
    },
    "has-cors": {
      "version": "1.1.0",
      "resolved": "https://artifactory.devops.ellucian.com/artifactory/api/npm/npmjs/has-cors/-/has-cors-1.1.0.tgz",
      "integrity": "sha1-XkdHk/fqmEPRu5nCPu9J/xJv/zk=",
      "dev": true
    },
    "http-errors": {
      "version": "1.6.2",
      "resolved": "https://artifactory.devops.ellucian.com/artifactory/api/npm/npmjs/http-errors/-/http-errors-1.6.2.tgz",
      "integrity": "sha1-CgAsyFcHGSp+eUbO7cERVfYOxzY=",
      "dev": true,
      "requires": {
        "depd": "1.1.1",
        "inherits": "2.0.3",
        "setprototypeof": "1.0.3",
        "statuses": "1.3.1"
      }
    },
    "indexof": {
      "version": "0.0.1",
      "resolved": "https://artifactory.devops.ellucian.com/artifactory/api/npm/npmjs/indexof/-/indexof-0.0.1.tgz",
      "integrity": "sha1-gtwzbSMrkGIXnQWrMpOmYFn9Q10=",
      "dev": true
    },
    "inflight": {
      "version": "1.0.6",
      "resolved": "https://artifactory.devops.ellucian.com/artifactory/api/npm/npmjs/inflight/-/inflight-1.0.6.tgz",
      "integrity": "sha1-Sb1jMdfQLQwJvJEKEHW6gWW1bfk=",
      "dev": true,
      "requires": {
        "once": "1.4.0",
        "wrappy": "1.0.2"
      }
    },
    "inherits": {
      "version": "2.0.3",
      "resolved": "https://artifactory.devops.ellucian.com/artifactory/api/npm/npmjs/inherits/-/inherits-2.0.3.tgz",
      "integrity": "sha1-Yzwsg+PaQqUC9SRmAiSA9CCCYd4=",
      "dev": true
    },
    "ipaddr.js": {
      "version": "1.4.0",
      "resolved": "https://artifactory.devops.ellucian.com/artifactory/api/npm/npmjs/ipaddr.js/-/ipaddr.js-1.4.0.tgz",
      "integrity": "sha1-KWrKh4qCGBbluF0KKFqZvP9FgvA=",
      "dev": true
    },
    "isarray": {
      "version": "0.0.1",
      "resolved": "https://artifactory.devops.ellucian.com/artifactory/api/npm/npmjs/isarray/-/isarray-0.0.1.tgz",
      "integrity": "sha1-ihis/Kmo9Bd+Cav8YDiTmwXR7t8=",
      "dev": true
    },
    "ltcdr": {
      "version": "2.2.1",
      "resolved": "https://artifactory.devops.ellucian.com/artifactory/api/npm/npmjs/ltcdr/-/ltcdr-2.2.1.tgz",
      "integrity": "sha1-Wrh60dTB2rjowIu/A37gwZAih88=",
      "dev": true
    },
    "media-typer": {
      "version": "0.3.0",
      "resolved": "https://artifactory.devops.ellucian.com/artifactory/api/npm/npmjs/media-typer/-/media-typer-0.3.0.tgz",
      "integrity": "sha1-hxDXrwqmJvj/+hzgAWhUUmMlV0g=",
      "dev": true
    },
    "merge-descriptors": {
      "version": "1.0.1",
      "resolved": "https://artifactory.devops.ellucian.com/artifactory/api/npm/npmjs/merge-descriptors/-/merge-descriptors-1.0.1.tgz",
      "integrity": "sha1-sAqqVW3YtEVoFQ7J0blT8/kMu2E=",
      "dev": true
    },
    "methods": {
      "version": "1.1.2",
      "resolved": "https://artifactory.devops.ellucian.com/artifactory/api/npm/npmjs/methods/-/methods-1.1.2.tgz",
      "integrity": "sha1-VSmk1nZUE07cxSZmVoNbD4Ua/O4=",
      "dev": true
    },
    "mime": {
      "version": "1.3.4",
      "resolved": "https://artifactory.devops.ellucian.com/artifactory/api/npm/npmjs/mime/-/mime-1.3.4.tgz",
      "integrity": "sha1-EV+eO2s9rylZmDyzjxSaLUDrXVM=",
      "dev": true
    },
    "mime-db": {
      "version": "1.29.0",
      "resolved": "https://artifactory.devops.ellucian.com/artifactory/api/npm/npmjs/mime-db/-/mime-db-1.29.0.tgz",
      "integrity": "sha1-SNJtI1WJZRcErFkWygYAGRQmaHg=",
      "dev": true
    },
    "mime-types": {
      "version": "2.1.16",
      "resolved": "https://artifactory.devops.ellucian.com/artifactory/api/npm/npmjs/mime-types/-/mime-types-2.1.16.tgz",
      "integrity": "sha1-K4WKUuXs1RbbiXrCvodIeDBpjiM=",
      "dev": true,
      "requires": {
        "mime-db": "1.29.0"
      }
    },
    "minimatch": {
      "version": "3.0.4",
      "resolved": "https://artifactory.devops.ellucian.com/artifactory/api/npm/npmjs/minimatch/-/minimatch-3.0.4.tgz",
      "integrity": "sha1-UWbihkV/AzBgZL5Ul+jbsMPTIIM=",
      "dev": true,
      "requires": {
        "brace-expansion": "1.1.8"
      }
    },
    "minimist": {
      "version": "0.0.8",
      "resolved": "https://artifactory.devops.ellucian.com/artifactory/api/npm/npmjs/minimist/-/minimist-0.0.8.tgz",
      "integrity": "sha1-hX/Kv8M5fSYluCKCYuhqp6ARsF0=",
      "dev": true
    },
    "mkdirp": {
      "version": "0.5.1",
      "resolved": "https://artifactory.devops.ellucian.com/artifactory/api/npm/npmjs/mkdirp/-/mkdirp-0.5.1.tgz",
      "integrity": "sha1-MAV0OOrGz3+MR2fzhkjWaX11yQM=",
      "dev": true,
      "requires": {
        "minimist": "0.0.8"
      }
    },
    "ms": {
      "version": "2.0.0",
      "resolved": "https://artifactory.devops.ellucian.com/artifactory/api/npm/npmjs/ms/-/ms-2.0.0.tgz",
      "integrity": "sha1-VgiurfwAvmwpAd9fmGF4jeDVl8g=",
      "dev": true
    },
    "negotiator": {
      "version": "0.6.1",
      "resolved": "https://artifactory.devops.ellucian.com/artifactory/api/npm/npmjs/negotiator/-/negotiator-0.6.1.tgz",
      "integrity": "sha1-KzJxhOiZIQEXeyhWP7XnECrNDKk=",
      "dev": true
    },
    "noms": {
      "version": "0.0.0",
      "resolved": "https://artifactory.devops.ellucian.com/artifactory/api/npm/npmjs/noms/-/noms-0.0.0.tgz",
      "integrity": "sha1-2o69nzr51nYJGbJ9nNyAkqczKFk=",
      "dev": true,
      "requires": {
        "inherits": "2.0.3",
        "readable-stream": "1.0.34"
      }
    },
    "object-assign": {
      "version": "4.1.1",
      "resolved": "https://artifactory.devops.ellucian.com/artifactory/api/npm/npmjs/object-assign/-/object-assign-4.1.1.tgz",
      "integrity": "sha1-IQmtx5ZYh8/AXLvUQsrIv7s2CGM=",
      "dev": true
    },
    "object-component": {
      "version": "0.0.3",
      "resolved": "https://artifactory.devops.ellucian.com/artifactory/api/npm/npmjs/object-component/-/object-component-0.0.3.tgz",
      "integrity": "sha1-8MaapQ78lbhmwYb0AKM3acsvEpE=",
      "dev": true
    },
    "on-finished": {
      "version": "2.3.0",
      "resolved": "https://artifactory.devops.ellucian.com/artifactory/api/npm/npmjs/on-finished/-/on-finished-2.3.0.tgz",
      "integrity": "sha1-IPEzZIGwg811M3mSoWlxqi2QaUc=",
      "dev": true,
      "requires": {
        "ee-first": "1.1.1"
      }
    },
    "once": {
      "version": "1.4.0",
      "resolved": "https://artifactory.devops.ellucian.com/artifactory/api/npm/npmjs/once/-/once-1.4.0.tgz",
      "integrity": "sha1-WDsap3WWHUsROsF9nFC6753Xa9E=",
      "dev": true,
      "requires": {
        "wrappy": "1.0.2"
      }
    },
    "parsejson": {
      "version": "0.0.3",
      "resolved": "https://artifactory.devops.ellucian.com/artifactory/api/npm/npmjs/parsejson/-/parsejson-0.0.3.tgz",
      "integrity": "sha1-q343WfIJ7OmUN5c/fQ8fZK4OZKs=",
      "dev": true,
      "requires": {
        "better-assert": "1.0.2"
      }
    },
    "parseqs": {
      "version": "0.0.5",
      "resolved": "https://artifactory.devops.ellucian.com/artifactory/api/npm/npmjs/parseqs/-/parseqs-0.0.5.tgz",
      "integrity": "sha1-1SCKNzjkZ2bikbouoXNoSSGouJ0=",
      "dev": true,
      "requires": {
        "better-assert": "1.0.2"
      }
    },
    "parseuri": {
      "version": "0.0.5",
      "resolved": "https://artifactory.devops.ellucian.com/artifactory/api/npm/npmjs/parseuri/-/parseuri-0.0.5.tgz",
      "integrity": "sha1-gCBKUNTbt3m/3G6+J3jZDkvOMgo=",
      "dev": true,
      "requires": {
        "better-assert": "1.0.2"
      }
    },
    "parseurl": {
      "version": "1.3.1",
      "resolved": "https://artifactory.devops.ellucian.com/artifactory/api/npm/npmjs/parseurl/-/parseurl-1.3.1.tgz",
      "integrity": "sha1-yKuMkiO6NIiKpkopeyiFO+wY2lY=",
      "dev": true
    },
    "path-is-absolute": {
      "version": "1.0.1",
      "resolved": "https://artifactory.devops.ellucian.com/artifactory/api/npm/npmjs/path-is-absolute/-/path-is-absolute-1.0.1.tgz",
      "integrity": "sha1-F0uSaHNVNP+8es5r9TpanhtcX18=",
      "dev": true
    },
    "path-to-regexp": {
      "version": "0.1.7",
      "resolved": "https://artifactory.devops.ellucian.com/artifactory/api/npm/npmjs/path-to-regexp/-/path-to-regexp-0.1.7.tgz",
      "integrity": "sha1-32BBeABfUi8V60SQ5yR6G/qmf4w=",
      "dev": true
    },
    "process-nextick-args": {
      "version": "1.0.7",
      "resolved": "https://artifactory.devops.ellucian.com/artifactory/api/npm/npmjs/process-nextick-args/-/process-nextick-args-1.0.7.tgz",
      "integrity": "sha1-FQ4gt1ZZCtP5EJPyWk8q2L/zC6M=",
      "dev": true
    },
    "proxy-addr": {
      "version": "1.1.5",
      "resolved": "https://artifactory.devops.ellucian.com/artifactory/api/npm/npmjs/proxy-addr/-/proxy-addr-1.1.5.tgz",
      "integrity": "sha1-ccDuOxAt4/IC87ZPYI0XP8uhqRg=",
      "dev": true,
      "requires": {
        "forwarded": "0.1.0",
        "ipaddr.js": "1.4.0"
      }
    },
    "qs": {
      "version": "6.5.0",
      "resolved": "https://artifactory.devops.ellucian.com/artifactory/api/npm/npmjs/qs/-/qs-6.5.0.tgz",
      "integrity": "sha1-jQSVTTZN7z78VbWgeT4eLIsebkk=",
      "dev": true
    },
    "range-parser": {
      "version": "1.2.0",
      "resolved": "https://artifactory.devops.ellucian.com/artifactory/api/npm/npmjs/range-parser/-/range-parser-1.2.0.tgz",
      "integrity": "sha1-9JvmtIeJTdxA3MlKMi9hEJLgDV4=",
      "dev": true
    },
    "readable-stream": {
      "version": "1.0.34",
      "resolved": "https://artifactory.devops.ellucian.com/artifactory/api/npm/npmjs/readable-stream/-/readable-stream-1.0.34.tgz",
      "integrity": "sha1-Elgg40vIQtLyqq+v5MKRbuMsFXw=",
      "dev": true,
      "requires": {
        "core-util-is": "1.0.2",
        "inherits": "2.0.3",
        "isarray": "0.0.1",
        "string_decoder": "0.10.31"
      }
    },
    "rimraf": {
      "version": "2.6.1",
      "resolved": "https://artifactory.devops.ellucian.com/artifactory/api/npm/npmjs/rimraf/-/rimraf-2.6.1.tgz",
      "integrity": "sha1-wjOOxkPfeht/5cVPqG9XQopV8z0=",
      "dev": true,
      "requires": {
        "glob": "7.1.2"
      }
    },
    "safe-buffer": {
      "version": "5.1.1",
      "resolved": "https://artifactory.devops.ellucian.com/artifactory/api/npm/npmjs/safe-buffer/-/safe-buffer-5.1.1.tgz",
      "integrity": "sha1-iTMSr2myEj3vcfV4iQAWce6yyFM=",
      "dev": true
    },
    "send": {
      "version": "0.15.4",
      "resolved": "https://artifactory.devops.ellucian.com/artifactory/api/npm/npmjs/send/-/send-0.15.4.tgz",
      "integrity": "sha1-mF+qPihLAnPHkzZKNcZze9k5Bbk=",
      "dev": true,
      "requires": {
        "debug": "2.6.8",
        "depd": "1.1.1",
        "destroy": "1.0.4",
        "encodeurl": "1.0.1",
        "escape-html": "1.0.3",
        "etag": "1.8.0",
        "fresh": "0.5.0",
        "http-errors": "1.6.2",
        "mime": "1.3.4",
        "ms": "2.0.0",
        "on-finished": "2.3.0",
        "range-parser": "1.2.0",
        "statuses": "1.3.1"
      }
    },
    "serve-static": {
      "version": "1.12.4",
      "resolved": "https://artifactory.devops.ellucian.com/artifactory/api/npm/npmjs/serve-static/-/serve-static-1.12.4.tgz",
      "integrity": "sha1-m2qpjutyU8Tu3Ewfb9vKYJkBqWE=",
      "dev": true,
      "requires": {
        "encodeurl": "1.0.1",
        "escape-html": "1.0.3",
        "parseurl": "1.3.1",
        "send": "0.15.4"
      }
    },
    "setprototypeof": {
      "version": "1.0.3",
      "resolved": "https://artifactory.devops.ellucian.com/artifactory/api/npm/npmjs/setprototypeof/-/setprototypeof-1.0.3.tgz",
      "integrity": "sha1-ZlZ+NwQ+608E2RvWWMDL77VbjgQ=",
      "dev": true
    },
    "socket.io": {
      "version": "2.0.3",
      "resolved": "https://artifactory.devops.ellucian.com/artifactory/api/npm/npmjs/socket.io/-/socket.io-2.0.3.tgz",
      "integrity": "sha1-Q1nwaiSTOua9CHeYr3jGgOrjReM=",
      "dev": true,
      "requires": {
        "debug": "2.6.8",
        "engine.io": "3.1.0",
        "object-assign": "4.1.1",
        "socket.io-adapter": "1.1.1",
        "socket.io-client": "2.0.3",
        "socket.io-parser": "3.1.2"
      }
    },
    "socket.io-adapter": {
      "version": "1.1.1",
      "resolved": "https://artifactory.devops.ellucian.com/artifactory/api/npm/npmjs/socket.io-adapter/-/socket.io-adapter-1.1.1.tgz",
      "integrity": "sha1-KoBeihTWNyEk3ZFZrUUC+MsH8Gs=",
      "dev": true
    },
    "socket.io-client": {
      "version": "2.0.3",
      "resolved": "https://artifactory.devops.ellucian.com/artifactory/api/npm/npmjs/socket.io-client/-/socket.io-client-2.0.3.tgz",
      "integrity": "sha1-bK9K/5+FsZ/ZG2zhPWmttWT4hzs=",
      "dev": true,
      "requires": {
        "backo2": "1.0.2",
        "base64-arraybuffer": "0.1.5",
        "component-bind": "1.0.0",
        "component-emitter": "1.2.1",
        "debug": "2.6.8",
        "engine.io-client": "3.1.1",
        "has-cors": "1.1.0",
        "indexof": "0.0.1",
        "object-component": "0.0.3",
        "parseqs": "0.0.5",
        "parseuri": "0.0.5",
        "socket.io-parser": "3.1.2",
        "to-array": "0.1.4"
      }
    },
    "socket.io-parser": {
      "version": "3.1.2",
      "resolved": "https://artifactory.devops.ellucian.com/artifactory/api/npm/npmjs/socket.io-parser/-/socket.io-parser-3.1.2.tgz",
      "integrity": "sha1-28IoIVH8T6675Aru3Ady66YZ9/I=",
      "dev": true,
      "requires": {
        "component-emitter": "1.2.1",
        "debug": "2.6.8",
        "has-binary2": "1.0.2",
        "isarray": "2.0.1"
      },
      "dependencies": {
        "isarray": {
          "version": "2.0.1",
          "resolved": "https://artifactory.devops.ellucian.com/artifactory/api/npm/npmjs/isarray/-/isarray-2.0.1.tgz",
          "integrity": "sha1-o32U7ZzaLVmGXJ92/llu4fM4dB4=",
          "dev": true
        }
      }
    },
    "statuses": {
      "version": "1.3.1",
      "resolved": "https://artifactory.devops.ellucian.com/artifactory/api/npm/npmjs/statuses/-/statuses-1.3.1.tgz",
      "integrity": "sha1-+vUbnrdKrvOzrPStX2Gr8ky3uT4=",
      "dev": true
    },
    "string_decoder": {
      "version": "0.10.31",
      "resolved": "https://artifactory.devops.ellucian.com/artifactory/api/npm/npmjs/string_decoder/-/string_decoder-0.10.31.tgz",
      "integrity": "sha1-YuIDvEF2bGwoyfyEMB2rHFMQ+pQ=",
      "dev": true
    },
    "through2": {
      "version": "2.0.3",
      "resolved": "https://artifactory.devops.ellucian.com/artifactory/api/npm/npmjs/through2/-/through2-2.0.3.tgz",
      "integrity": "sha1-AARWmzfHx0ujnEPzzteNGtlBQL4=",
      "dev": true,
      "requires": {
        "readable-stream": "2.3.3",
        "xtend": "4.0.1"
      },
      "dependencies": {
        "isarray": {
          "version": "1.0.0",
          "resolved": "https://artifactory.devops.ellucian.com/artifactory/api/npm/npmjs/isarray/-/isarray-1.0.0.tgz",
          "integrity": "sha1-u5NdSFgsuhaMBoNJV6VKPgcSTxE=",
          "dev": true
        },
        "readable-stream": {
          "version": "2.3.3",
          "resolved": "https://artifactory.devops.ellucian.com/artifactory/api/npm/npmjs/readable-stream/-/readable-stream-2.3.3.tgz",
          "integrity": "sha1-No8lEtefnUb9/HE0mueHi7weuVw=",
          "dev": true,
          "requires": {
            "core-util-is": "1.0.2",
            "inherits": "2.0.3",
            "isarray": "1.0.0",
            "process-nextick-args": "1.0.7",
            "safe-buffer": "5.1.1",
            "string_decoder": "1.0.3",
            "util-deprecate": "1.0.2"
          }
        },
        "string_decoder": {
          "version": "1.0.3",
          "resolved": "https://artifactory.devops.ellucian.com/artifactory/api/npm/npmjs/string_decoder/-/string_decoder-1.0.3.tgz",
          "integrity": "sha1-D8Z9fBQYJd6UKC3VNr7GubzoYKs=",
          "dev": true,
          "requires": {
            "safe-buffer": "5.1.1"
          }
        }
      }
    },
    "to-array": {
      "version": "0.1.4",
      "resolved": "https://artifactory.devops.ellucian.com/artifactory/api/npm/npmjs/to-array/-/to-array-0.1.4.tgz",
      "integrity": "sha1-F+bBH3PdTz10zaek/zI46a2b+JA=",
      "dev": true
    },
    "type-is": {
      "version": "1.6.15",
      "resolved": "https://artifactory.devops.ellucian.com/artifactory/api/npm/npmjs/type-is/-/type-is-1.6.15.tgz",
      "integrity": "sha1-yrEPtJCeRByChC6v4a1kbIGARBA=",
      "dev": true,
      "requires": {
        "media-typer": "0.3.0",
        "mime-types": "2.1.16"
      }
    },
    "typescript": {
      "version": "2.4.2",
      "resolved": "https://artifactory.devops.ellucian.com/artifactory/api/npm/npmjs/typescript/-/typescript-2.4.2.tgz",
      "integrity": "sha1-+DlfhdRZJ2BnyYiqQYN6j4KHCEQ=",
      "dev": true
    },
    "ultron": {
      "version": "1.1.0",
      "resolved": "https://artifactory.devops.ellucian.com/artifactory/api/npm/npmjs/ultron/-/ultron-1.1.0.tgz",
      "integrity": "sha1-sHoualQagV/Go0zNRTO67DB8qGQ=",
      "dev": true
    },
    "unpipe": {
      "version": "1.0.0",
      "resolved": "https://artifactory.devops.ellucian.com/artifactory/api/npm/npmjs/unpipe/-/unpipe-1.0.0.tgz",
      "integrity": "sha1-sr9O6FFKrmFltIF4KdIbLvSZBOw=",
      "dev": true
    },
    "util-deprecate": {
      "version": "1.0.2",
      "resolved": "https://artifactory.devops.ellucian.com/artifactory/api/npm/npmjs/util-deprecate/-/util-deprecate-1.0.2.tgz",
      "integrity": "sha1-RQ1Nyfpw3nMnYvvS1KKJgUGaDM8=",
      "dev": true
    },
    "utils-merge": {
      "version": "1.0.0",
      "resolved": "https://artifactory.devops.ellucian.com/artifactory/api/npm/npmjs/utils-merge/-/utils-merge-1.0.0.tgz",
      "integrity": "sha1-ApT7kiu5N1FTVBxPcJYjHyh8ivg=",
      "dev": true
    },
    "uws": {
      "version": "0.14.5",
      "resolved": "https://artifactory.devops.ellucian.com/artifactory/api/npm/npmjs/uws/-/uws-0.14.5.tgz",
      "integrity": "sha1-Z6rzPEaypYel9mZtAPdpEyjxSdw=",
      "dev": true,
      "optional": true
    },
    "vary": {
      "version": "1.1.1",
      "resolved": "https://artifactory.devops.ellucian.com/artifactory/api/npm/npmjs/vary/-/vary-1.1.1.tgz",
      "integrity": "sha1-Z1Neu2lMHVIldFeYRmUyP1h+jTc=",
      "dev": true
    },
    "wrappy": {
      "version": "1.0.2",
      "resolved": "https://artifactory.devops.ellucian.com/artifactory/api/npm/npmjs/wrappy/-/wrappy-1.0.2.tgz",
      "integrity": "sha1-tSQ9jz7BqjXxNkYFvA0QNuMKtp8=",
      "dev": true
    },
    "ws": {
      "version": "2.3.1",
      "resolved": "https://artifactory.devops.ellucian.com/artifactory/api/npm/npmjs/ws/-/ws-2.3.1.tgz",
      "integrity": "sha1-a5Sz5EfLajY/eF6vlK9jWejoHIA=",
      "dev": true,
      "requires": {
        "safe-buffer": "5.0.1",
        "ultron": "1.1.0"
      },
      "dependencies": {
        "safe-buffer": {
          "version": "5.0.1",
          "resolved": "https://artifactory.devops.ellucian.com/artifactory/api/npm/npmjs/safe-buffer/-/safe-buffer-5.0.1.tgz",
          "integrity": "sha1-0mPKVGls2KMGtcplUekt5XkY++c=",
          "dev": true
        }
      }
    },
    "xmlhttprequest-ssl": {
      "version": "1.5.3",
      "resolved": "https://artifactory.devops.ellucian.com/artifactory/api/npm/npmjs/xmlhttprequest-ssl/-/xmlhttprequest-ssl-1.5.3.tgz",
      "integrity": "sha1-GFqIjATspGw+QHDZn3tJ3jUomS0=",
      "dev": true
    },
    "xtend": {
      "version": "4.0.1",
      "resolved": "https://artifactory.devops.ellucian.com/artifactory/api/npm/npmjs/xtend/-/xtend-4.0.1.tgz",
      "integrity": "sha1-pcbVMr5lbiPbgg77lDofBJmNY68=",
      "dev": true
    },
    "yeast": {
      "version": "0.1.2",
      "resolved": "https://artifactory.devops.ellucian.com/artifactory/api/npm/npmjs/yeast/-/yeast-0.1.2.tgz",
      "integrity": "sha1-AI4G2AlDIMNy28L47XagymyKxBk=",
      "dev": true
    }
  }
}
